// !$*UTF8*$!
{
	archiveVersion = 1;
	classes = {
	};
	objectVersion = 77;
	objects = {

/* Begin PBXBuildFile section */
		55CC576D2E3FBF030065AC2B /* OpenGL.framework in Frameworks */ = {isa = PBXBuildFile; fileRef = 55CC576C2E3FBF030065AC2B /* OpenGL.framework */; };
		55CC57742E3FBF7B0065AC2B /* libglfw.3.4.dylib in Frameworks */ = {isa = PBXBuildFile; fileRef = 55CC57722E3FBF7B0065AC2B /* libglfw.3.4.dylib */; };
		55CC57752E3FBF7B0065AC2B /* libglfw.3.4.dylib in Embed Libraries */ = {isa = PBXBuildFile; fileRef = 55CC57722E3FBF7B0065AC2B /* libglfw.3.4.dylib */; settings = {ATTRIBUTES = (CodeSignOnCopy, ); }; };
		55CC57762E3FBF7B0065AC2B /* libGLEW.2.2.0.dylib in Frameworks */ = {isa = PBXBuildFile; fileRef = 55CC57732E3FBF7B0065AC2B /* libGLEW.2.2.0.dylib */; };
		55CC57772E3FBF7B0065AC2B /* libGLEW.2.2.0.dylib in Embed Libraries */ = {isa = PBXBuildFile; fileRef = 55CC57732E3FBF7B0065AC2B /* libGLEW.2.2.0.dylib */; settings = {ATTRIBUTES = (CodeSignOnCopy, ); }; };
/* End PBXBuildFile section */

/* Begin PBXCopyFilesBuildPhase section */
		55CC575F2E3FBEB00065AC2B /* CopyFiles */ = {
			isa = PBXCopyFilesBuildPhase;
			buildActionMask = 12;
			dstPath = "";
			dstSubfolderSpec = 16;
			files = (
			);
			runOnlyForDeploymentPostprocessing = 0;
		};
		55CC57782E3FBF7B0065AC2B /* Embed Libraries */ = {
			isa = PBXCopyFilesBuildPhase;
			buildActionMask = 2147483647;
			dstPath = "";
			dstSubfolderSpec = 10;
			files = (
				55CC57752E3FBF7B0065AC2B /* libglfw.3.4.dylib in Embed Libraries */,
				55CC57772E3FBF7B0065AC2B /* libGLEW.2.2.0.dylib in Embed Libraries */,
			);
			name = "Embed Libraries";
			runOnlyForDeploymentPostprocessing = 0;
		};
/* End PBXCopyFilesBuildPhase section */

/* Begin PBXFileReference section */
		55CC57612E3FBEB00065AC2B /* LargeStepInClothSimulationXCode */ = {isa = PBXFileReference; explicitFileType = "compiled.mach-o.executable"; includeInIndex = 0; path = LargeStepInClothSimulationXCode; sourceTree = BUILT_PRODUCTS_DIR; };
		55CC576C2E3FBF030065AC2B /* OpenGL.framework */ = {isa = PBXFileReference; lastKnownFileType = wrapper.framework; name = OpenGL.framework; path = System/Library/Frameworks/OpenGL.framework; sourceTree = SDKROOT; };
		55CC576E2E3FBF5C0065AC2B /* Cocoa.framework */ = {isa = PBXFileReference; lastKnownFileType = wrapper.framework; name = Cocoa.framework; path = System/Library/Frameworks/Cocoa.framework; sourceTree = SDKROOT; };
		55CC57702E3FBF630065AC2B /* CoreVideo.framework */ = {isa = PBXFileReference; lastKnownFileType = wrapper.framework; name = CoreVideo.framework; path = System/Library/Frameworks/CoreVideo.framework; sourceTree = SDKROOT; };
		55CC57722E3FBF7B0065AC2B /* libglfw.3.4.dylib */ = {isa = PBXFileReference; lastKnownFileType = "compiled.mach-o.dylib"; name = libglfw.3.4.dylib; path = ../../../YGL/library/libglfw.3.4.dylib; sourceTree = "<group>"; };
		55CC57732E3FBF7B0065AC2B /* libGLEW.2.2.0.dylib */ = {isa = PBXFileReference; lastKnownFileType = "compiled.mach-o.dylib"; name = libGLEW.2.2.0.dylib; path = ../../../YGL/library/libGLEW.2.2.0.dylib; sourceTree = "<group>"; };
/* End PBXFileReference section */

/* Begin PBXFileSystemSynchronizedGroupBuildPhaseMembershipExceptionSet section */
		55AD96B32E45C9EB00F8B2CF /* Exceptions for "LargeStepInClothSimulationXCode" folder in "Copy Files" phase from "LargeStepInClothSimulationXCode" target */ = {
			isa = PBXFileSystemSynchronizedGroupBuildPhaseMembershipExceptionSet;
			buildPhase = 55CC575F2E3FBEB00065AC2B /* CopyFiles */;
			membershipExceptions = (
				cloth.frag,
				cloth.geom,
				cloth.vert,
				fabric_pattern_05_col_01_4k.png,
			);
		};
/* End PBXFileSystemSynchronizedGroupBuildPhaseMembershipExceptionSet section */

/* Begin PBXFileSystemSynchronizedRootGroup section */
		55CC57632E3FBEB00065AC2B /* LargeStepInClothSimulationXCode */ = {
			isa = PBXFileSystemSynchronizedRootGroup;
			exceptions = (
				55AD96B32E45C9EB00F8B2CF /* Exceptions for "LargeStepInClothSimulationXCode" folder in "Copy Files" phase from "LargeStepInClothSimulationXCode" target */,
			);
			path = LargeStepInClothSimulationXCode;
			sourceTree = "<group>";
		};
/* End PBXFileSystemSynchronizedRootGroup section */

/* Begin PBXFrameworksBuildPhase section */
		55CC575E2E3FBEB00065AC2B /* Frameworks */ = {
			isa = PBXFrameworksBuildPhase;
			buildActionMask = 2147483647;
			files = (
				55CC57762E3FBF7B0065AC2B /* libGLEW.2.2.0.dylib in Frameworks */,
				55CC57742E3FBF7B0065AC2B /* libglfw.3.4.dylib in Frameworks */,
				55CC576D2E3FBF030065AC2B /* OpenGL.framework in Frameworks */,
			);
			runOnlyForDeploymentPostprocessing = 0;
		};
/* End PBXFrameworksBuildPhase section */

/* Begin PBXGroup section */
		55CC57582E3FBEB00065AC2B = {
			isa = PBXGroup;
			children = (
				55CC57632E3FBEB00065AC2B /* LargeStepInClothSimulationXCode */,
				55CC576B2E3FBF030065AC2B /* Frameworks */,
				55CC57622E3FBEB00065AC2B /* Products */,
			);
			sourceTree = "<group>";
		};
		55CC57622E3FBEB00065AC2B /* Products */ = {
			isa = PBXGroup;
			children = (
				55CC57612E3FBEB00065AC2B /* LargeStepInClothSimulationXCode */,
			);
			name = Products;
			sourceTree = "<group>";
		};
		55CC576B2E3FBF030065AC2B /* Frameworks */ = {
			isa = PBXGroup;
			children = (
				55CC57732E3FBF7B0065AC2B /* libGLEW.2.2.0.dylib */,
				55CC57722E3FBF7B0065AC2B /* libglfw.3.4.dylib */,
				55CC57702E3FBF630065AC2B /* CoreVideo.framework */,
				55CC576E2E3FBF5C0065AC2B /* Cocoa.framework */,
				55CC576C2E3FBF030065AC2B /* OpenGL.framework */,
			);
			name = Frameworks;
			sourceTree = "<group>";
		};
/* End PBXGroup section */

/* Begin PBXNativeTarget section */
		55CC57602E3FBEB00065AC2B /* LargeStepInClothSimulationXCode */ = {
			isa = PBXNativeTarget;
			buildConfigurationList = 55CC57682E3FBEB00065AC2B /* Build configuration list for PBXNativeTarget "LargeStepInClothSimulationXCode" */;
			buildPhases = (
				55CC575D2E3FBEB00065AC2B /* Sources */,
				55CC575E2E3FBEB00065AC2B /* Frameworks */,
				55CC575F2E3FBEB00065AC2B /* CopyFiles */,
				55CC57782E3FBF7B0065AC2B /* Embed Libraries */,
			);
			buildRules = (
			);
			dependencies = (
			);
			fileSystemSynchronizedGroups = (
				55CC57632E3FBEB00065AC2B /* LargeStepInClothSimulationXCode */,
			);
			name = LargeStepInClothSimulationXCode;
			packageProductDependencies = (
			);
			productName = LargeStepInClothSimulationXCode;
			productReference = 55CC57612E3FBEB00065AC2B /* LargeStepInClothSimulationXCode */;
			productType = "com.apple.product-type.tool";
		};
/* End PBXNativeTarget section */

/* Begin PBXProject section */
		55CC57592E3FBEB00065AC2B /* Project object */ = {
			isa = PBXProject;
			attributes = {
				BuildIndependentTargetsInParallel = 1;
				LastUpgradeCheck = 1640;
				TargetAttributes = {
					55CC57602E3FBEB00065AC2B = {
						CreatedOnToolsVersion = 16.4;
					};
				};
			};
			buildConfigurationList = 55CC575C2E3FBEB00065AC2B /* Build configuration list for PBXProject "LargeStepInClothSimulationXCode" */;
			developmentRegion = en;
			hasScannedForEncodings = 0;
			knownRegions = (
				en,
				Base,
			);
			mainGroup = 55CC57582E3FBEB00065AC2B;
			minimizedProjectReferenceProxies = 1;
			preferredProjectObjectVersion = 77;
			productRefGroup = 55CC57622E3FBEB00065AC2B /* Products */;
			projectDirPath = "";
			projectRoot = "";
			targets = (
				55CC57602E3FBEB00065AC2B /* LargeStepInClothSimulationXCode */,
			);
		};
/* End PBXProject section */

/* Begin PBXSourcesBuildPhase section */
		55CC575D2E3FBEB00065AC2B /* Sources */ = {
			isa = PBXSourcesBuildPhase;
			buildActionMask = 2147483647;
			files = (
			);
			runOnlyForDeploymentPostprocessing = 0;
		};
/* End PBXSourcesBuildPhase section */

/* Begin XCBuildConfiguration section */
		55CC57662E3FBEB00065AC2B /* Debug */ = {
			isa = XCBuildConfiguration;
			buildSettings = {
				ALWAYS_SEARCH_USER_PATHS = NO;
				ASSETCATALOG_COMPILER_GENERATE_SWIFT_ASSET_SYMBOL_EXTENSIONS = YES;
				CLANG_ANALYZER_NONNULL = YES;
				CLANG_ANALYZER_NUMBER_OBJECT_CONVERSION = YES_AGGRESSIVE;
				CLANG_CXX_LANGUAGE_STANDARD = "gnu++20";
				CLANG_ENABLE_MODULES = YES;
				CLANG_ENABLE_OBJC_ARC = YES;
				CLANG_ENABLE_OBJC_WEAK = YES;
				CLANG_WARN_BLOCK_CAPTURE_AUTORELEASING = YES;
				CLANG_WARN_BOOL_CONVERSION = YES;
				CLANG_WARN_COMMA = YES;
				CLANG_WARN_CONSTANT_CONVERSION = YES;
				CLANG_WARN_DEPRECATED_OBJC_IMPLEMENTATIONS = YES;
				CLANG_WARN_DIRECT_OBJC_ISA_USAGE = YES_ERROR;
				CLANG_WARN_DOCUMENTATION_COMMENTS = YES;
				CLANG_WARN_EMPTY_BODY = YES;
				CLANG_WARN_ENUM_CONVERSION = YES;
				CLANG_WARN_INFINITE_RECURSION = YES;
				CLANG_WARN_INT_CONVERSION = YES;
				CLANG_WARN_NON_LITERAL_NULL_CONVERSION = YES;
				CLANG_WARN_OBJC_IMPLICIT_RETAIN_SELF = YES;
				CLANG_WARN_OBJC_LITERAL_CONVERSION = YES;
				CLANG_WARN_OBJC_ROOT_CLASS = YES_ERROR;
				CLANG_WARN_QUOTED_INCLUDE_IN_FRAMEWORK_HEADER = YES;
				CLANG_WARN_RANGE_LOOP_ANALYSIS = YES;
				CLANG_WARN_STRICT_PROTOTYPES = YES;
				CLANG_WARN_SUSPICIOUS_MOVE = YES;
				CLANG_WARN_UNGUARDED_AVAILABILITY = YES_AGGRESSIVE;
				CLANG_WARN_UNREACHABLE_CODE = YES;
				CLANG_WARN__DUPLICATE_METHOD_MATCH = YES;
				COPY_PHASE_STRIP = NO;
				DEBUG_INFORMATION_FORMAT = dwarf;
				DEVELOPMENT_TEAM = 488U7L9D53;
				ENABLE_STRICT_OBJC_MSGSEND = YES;
				ENABLE_TESTABILITY = YES;
				ENABLE_USER_SCRIPT_SANDBOXING = YES;
				GCC_C_LANGUAGE_STANDARD = gnu17;
				GCC_DYNAMIC_NO_PIC = NO;
				GCC_NO_COMMON_BLOCKS = YES;
				GCC_OPTIMIZATION_LEVEL = 0;
				GCC_PREPROCESSOR_DEFINITIONS = (
					"DEBUG=1",
					"$(inherited)",
				);
				GCC_WARN_64_TO_32_BIT_CONVERSION = YES;
				GCC_WARN_ABOUT_RETURN_TYPE = YES_ERROR;
				GCC_WARN_UNDECLARED_SELECTOR = YES;
				GCC_WARN_UNINITIALIZED_AUTOS = YES_AGGRESSIVE;
				GCC_WARN_UNUSED_FUNCTION = YES;
				GCC_WARN_UNUSED_VARIABLE = YES;
				LOCALIZATION_PREFERS_STRING_CATALOGS = YES;
				MACOSX_DEPLOYMENT_TARGET = 15.5;
				MTL_ENABLE_DEBUG_INFO = INCLUDE_SOURCE;
				MTL_FAST_MATH = YES;
				ONLY_ACTIVE_ARCH = YES;
				SDKROOT = macosx;
			};
			name = Debug;
		};
		55CC57672E3FBEB00065AC2B /* Release */ = {
			isa = XCBuildConfiguration;
			buildSettings = {
				ALWAYS_SEARCH_USER_PATHS = NO;
				ASSETCATALOG_COMPILER_GENERATE_SWIFT_ASSET_SYMBOL_EXTENSIONS = YES;
				CLANG_ANALYZER_NONNULL = YES;
				CLANG_ANALYZER_NUMBER_OBJECT_CONVERSION = YES_AGGRESSIVE;
				CLANG_CXX_LANGUAGE_STANDARD = "gnu++20";
				CLANG_ENABLE_MODULES = YES;
				CLANG_ENABLE_OBJC_ARC = YES;
				CLANG_ENABLE_OBJC_WEAK = YES;
				CLANG_WARN_BLOCK_CAPTURE_AUTORELEASING = YES;
				CLANG_WARN_BOOL_CONVERSION = YES;
				CLANG_WARN_COMMA = YES;
				CLANG_WARN_CONSTANT_CONVERSION = YES;
				CLANG_WARN_DEPRECATED_OBJC_IMPLEMENTATIONS = YES;
				CLANG_WARN_DIRECT_OBJC_ISA_USAGE = YES_ERROR;
				CLANG_WARN_DOCUMENTATION_COMMENTS = YES;
				CLANG_WARN_EMPTY_BODY = YES;
				CLANG_WARN_ENUM_CONVERSION = YES;
				CLANG_WARN_INFINITE_RECURSION = YES;
				CLANG_WARN_INT_CONVERSION = YES;
				CLANG_WARN_NON_LITERAL_NULL_CONVERSION = YES;
				CLANG_WARN_OBJC_IMPLICIT_RETAIN_SELF = YES;
				CLANG_WARN_OBJC_LITERAL_CONVERSION = YES;
				CLANG_WARN_OBJC_ROOT_CLASS = YES_ERROR;
				CLANG_WARN_QUOTED_INCLUDE_IN_FRAMEWORK_HEADER = YES;
				CLANG_WARN_RANGE_LOOP_ANALYSIS = YES;
				CLANG_WARN_STRICT_PROTOTYPES = YES;
				CLANG_WARN_SUSPICIOUS_MOVE = YES;
				CLANG_WARN_UNGUARDED_AVAILABILITY = YES_AGGRESSIVE;
				CLANG_WARN_UNREACHABLE_CODE = YES;
				CLANG_WARN__DUPLICATE_METHOD_MATCH = YES;
				COPY_PHASE_STRIP = NO;
				DEBUG_INFORMATION_FORMAT = "dwarf-with-dsym";
				DEVELOPMENT_TEAM = 488U7L9D53;
				ENABLE_NS_ASSERTIONS = NO;
				ENABLE_STRICT_OBJC_MSGSEND = YES;
				ENABLE_USER_SCRIPT_SANDBOXING = YES;
				GCC_C_LANGUAGE_STANDARD = gnu17;
				GCC_NO_COMMON_BLOCKS = YES;
				GCC_WARN_64_TO_32_BIT_CONVERSION = YES;
				GCC_WARN_ABOUT_RETURN_TYPE = YES_ERROR;
				GCC_WARN_UNDECLARED_SELECTOR = YES;
				GCC_WARN_UNINITIALIZED_AUTOS = YES_AGGRESSIVE;
				GCC_WARN_UNUSED_FUNCTION = YES;
				GCC_WARN_UNUSED_VARIABLE = YES;
				LOCALIZATION_PREFERS_STRING_CATALOGS = YES;
				MACOSX_DEPLOYMENT_TARGET = 15.5;
				MTL_ENABLE_DEBUG_INFO = NO;
				MTL_FAST_MATH = YES;
				SDKROOT = macosx;
			};
			name = Release;
		};
		55CC57692E3FBEB00065AC2B /* Debug */ = {
			isa = XCBuildConfiguration;
			buildSettings = {
				CODE_SIGN_STYLE = Automatic;
				DEVELOPMENT_TEAM = 488U7L9D53;
				ENABLE_HARDENED_RUNTIME = YES;
				HEADER_SEARCH_PATHS = (
					/Users/gyu/Desktop/YGL/include,
					/opt/homebrew/Cellar/eigen/3.4.0_1/include/eigen3/,
				);
				LIBRARY_SEARCH_PATHS = /Users/gyu/Desktop/YGL/library;
				PRODUCT_NAME = "$(TARGET_NAME)";
			};
			name = Debug;
		};
		55CC576A2E3FBEB00065AC2B /* Release */ = {
			isa = XCBuildConfiguration;
			buildSettings = {
				CODE_SIGN_STYLE = Automatic;
				DEVELOPMENT_TEAM = 488U7L9D53;
				ENABLE_HARDENED_RUNTIME = YES;
				HEADER_SEARCH_PATHS = (
					/Users/gyu/Desktop/YGL/include,
					/opt/homebrew/Cellar/eigen/3.4.0_1/include/eigen3/,
				);
				LIBRARY_SEARCH_PATHS = /Users/gyu/Desktop/YGL/library;
				PRODUCT_NAME = "$(TARGET_NAME)";
			};
			name = Release;
		};
/* End XCBuildConfiguration section */

/* Begin XCConfigurationList section */
		55CC575C2E3FBEB00065AC2B /* Build configuration list for PBXProject "LargeStepInClothSimulationXCode" */ = {
			isa = XCConfigurationList;
			buildConfigurations = (
				55CC57662E3FBEB00065AC2B /* Debug */,
				55CC57672E3FBEB00065AC2B /* Release */,
			);
			defaultConfigurationIsVisible = 0;
			defaultConfigurationName = Release;
		};
		55CC57682E3FBEB00065AC2B /* Build configuration list for PBXNativeTarget "LargeStepInClothSimulationXCode" */ = {
			isa = XCConfigurationList;
			buildConfigurations = (
				55CC57692E3FBEB00065AC2B /* Debug */,
				55CC576A2E3FBEB00065AC2B /* Release */,
			);
			defaultConfigurationIsVisible = 0;
			defaultConfigurationName = Release;
		};
/* End XCConfigurationList section */
	};
	rootObject = 55CC57592E3FBEB00065AC2B /* Project object */;
}
